{
  "name": "demo",
  "version": "1.0.0",
  "lockfileVersion": 1,
  "requires": true,
  "dependencies": {
    "rename-test": {
      "version": "file:../schematic",
      "requires": {
        "@angular-devkit/core": "0.0.22",
        "@angular-devkit/schematics": "0.0.42",
        "@types/jasmine": "2.8.3",
        "@types/node": "8.5.2",
        "jasmine": "2.8.0",
        "typescript": "2.6.2"
      },
      "dependencies": {
        "@angular-devkit/core": {
          "version": "0.0.22",
          "bundled": true,
          "requires": {
            "source-map": "0.5.7"
          }
        },
        "@angular-devkit/schematics": {
          "version": "0.0.42",
          "bundled": true,
          "requires": {
            "@angular-devkit/core": "0.0.22",
            "@ngtools/json-schema": "1.1.0",
            "@schematics/schematics": "0.0.11",
            "minimist": "1.2.0",
            "rxjs": "5.5.6"
          }
        },
        "@ngtools/json-schema": {
          "version": "1.1.0",
          "bundled": true
        },
        "@schematics/schematics": {
          "version": "0.0.11",
          "bundled": true
        },
        "@types/jasmine": {
          "version": "2.8.3",
          "bundled": true
        },
        "@types/node": {
          "version": "8.5.2",
          "bundled": true
        },
        "balanced-match": {
          "version": "1.0.0",
          "bundled": true
        },
        "brace-expansion": {
          "version": "1.1.8",
          "bundled": true,
          "requires": {
            "balanced-match": "1.0.0",
            "concat-map": "0.0.1"
          }
        },
        "concat-map": {
          "version": "0.0.1",
          "bundled": true
        },
        "exit": {
          "version": "0.1.2",
          "bundled": true
        },
        "fs.realpath": {
          "version": "1.0.0",
          "bundled": true
        },
        "glob": {
          "version": "7.1.2",
          "bundled": true,
          "requires": {
            "fs.realpath": "1.0.0",
            "inflight": "1.0.6",
            "inherits": "2.0.3",
            "minimatch": "3.0.4",
            "once": "1.4.0",
            "path-is-absolute": "1.0.1"
          }
        },
        "inflight": {
          "version": "1.0.6",
          "bundled": true,
          "requires": {
            "once": "1.4.0",
            "wrappy": "1.0.2"
          }
        },
        "inherits": {
          "version": "2.0.3",
          "bundled": true
        },
        "jasmine": {
          "version": "2.8.0",
          "bundled": true,
          "requires": {
            "exit": "0.1.2",
            "glob": "7.1.2",
            "jasmine-core": "2.8.0"
          }
        },
        "jasmine-core": {
          "version": "2.8.0",
          "bundled": true
        },
        "minimatch": {
          "version": "3.0.4",
          "bundled": true,
          "requires": {
            "brace-expansion": "1.1.8"
          }
        },
        "minimist": {
          "version": "1.2.0",
          "bundled": true
        },
        "once": {
          "version": "1.4.0",
          "bundled": true,
          "requires": {
            "wrappy": "1.0.2"
          }
        },
        "path-is-absolute": {
          "version": "1.0.1",
          "bundled": true
        },
        "rxjs": {
          "version": "5.5.6",
          "bundled": true,
          "requires": {
            "symbol-observable": "1.0.1"
          }
        },
        "source-map": {
          "version": "0.5.7",
          "bundled": true
        },
        "symbol-observable": {
          "version": "1.0.1",
          "bundled": true
        },
        "typescript": {
          "version": "2.6.2",
          "bundled": true
        },
        "wrappy": {
          "version": "1.0.2",
          "bundled": true
        }
      }
    }
  }
}
